// !$*UTF8*$!
{
	archiveVersion = 1;
	classes = {
	};
	objectVersion = 46;
	objects = {

/* Begin PBXBuildFile section */
		3990B2601C764BFB0011B853 /* AppDelegate.swift in Sources */ = {isa = PBXBuildFile; fileRef = 3990B25F1C764BFB0011B853 /* AppDelegate.swift */; };
		3990B2621C764BFB0011B853 /* ViewController.swift in Sources */ = {isa = PBXBuildFile; fileRef = 3990B2611C764BFB0011B853 /* ViewController.swift */; };
		3990B2651C764BFB0011B853 /* Main.storyboard in Resources */ = {isa = PBXBuildFile; fileRef = 3990B2631C764BFB0011B853 /* Main.storyboard */; };
		3990B2671C764BFB0011B853 /* Assets.xcassets in Resources */ = {isa = PBXBuildFile; fileRef = 3990B2661C764BFB0011B853 /* Assets.xcassets */; };
		3990B26A1C764BFB0011B853 /* LaunchScreen.storyboard in Resources */ = {isa = PBXBuildFile; fileRef = 3990B2681C764BFB0011B853 /* LaunchScreen.storyboard */; };
		3990B2751C764BFC0011B853 /* MailboxTests.swift in Sources */ = {isa = PBXBuildFile; fileRef = 3990B2741C764BFC0011B853 /* MailboxTests.swift */; };
		3990B2801C764BFC0011B853 /* MailboxUITests.swift in Sources */ = {isa = PBXBuildFile; fileRef = 3990B27F1C764BFC0011B853 /* MailboxUITests.swift */; };
/* End PBXBuildFile section */

/* Begin PBXContainerItemProxy section */
		3990B2711C764BFC0011B853 /* PBXContainerItemProxy */ = {
			isa = PBXContainerItemProxy;
			containerPortal = 3990B2541C764BFB0011B853 /* Project object */;
			proxyType = 1;
			remoteGlobalIDString = 3990B25B1C764BFB0011B853;
			remoteInfo = Mailbox;
		};
		3990B27C1C764BFC0011B853 /* PBXContainerItemProxy */ = {
			isa = PBXContainerItemProxy;
			containerPortal = 3990B2541C764BFB0011B853 /* Project object */;
			proxyType = 1;
			remoteGlobalIDString = 3990B25B1C764BFB0011B853;
			remoteInfo = Mailbox;
		};
/* End PBXContainerItemProxy section */

/* Begin PBXFileReference section */
		3990B25C1C764BFB0011B853 /* Mailbox.app */ = {isa = PBXFileReference; explicitFileType = wrapper.application; includeInIndex = 0; path = Mailbox.app; sourceTree = BUILT_PRODUCTS_DIR; };
		3990B25F1C764BFB0011B853 /* AppDelegate.swift */ = {isa = PBXFileReference; lastKnownFileType = sourcecode.swift; path = AppDelegate.swift; sourceTree = "<group>"; };
		3990B2611C764BFB0011B853 /* ViewController.swift */ = {isa = PBXFileReference; lastKnownFileType = sourcecode.swift; path = ViewController.swift; sourceTree = "<group>"; };
		3990B2641C764BFB0011B853 /* Base */ = {isa = PBXFileReference; lastKnownFileType = file.storyboard; name = Base; path = Base.lproj/Main.storyboard; sourceTree = "<group>"; };
		3990B2661C764BFB0011B853 /* Assets.xcassets */ = {isa = PBXFileReference; lastKnownFileType = folder.assetcatalog; path = Assets.xcassets; sourceTree = "<group>"; };
		3990B2691C764BFB0011B853 /* Base */ = {isa = PBXFileReference; lastKnownFileType = file.storyboard; name = Base; path = Base.lproj/LaunchScreen.storyboard; sourceTree = "<group>"; };
		3990B26B1C764BFB0011B853 /* Info.plist */ = {isa = PBXFileReference; lastKnownFileType = text.plist.xml; path = Info.plist; sourceTree = "<group>"; };
		3990B2701C764BFC0011B853 /* MailboxTests.xctest */ = {isa = PBXFileReference; explicitFileType = wrapper.cfbundle; includeInIndex = 0; path = MailboxTests.xctest; sourceTree = BUILT_PRODUCTS_DIR; };
		3990B2741C764BFC0011B853 /* MailboxTests.swift */ = {isa = PBXFileReference; lastKnownFileType = sourcecode.swift; path = MailboxTests.swift; sourceTree = "<group>"; };
		3990B2761C764BFC0011B853 /* Info.plist */ = {isa = PBXFileReference; lastKnownFileType = text.plist.xml; path = Info.plist; sourceTree = "<group>"; };
		3990B27B1C764BFC0011B853 /* MailboxUITests.xctest */ = {isa = PBXFileReference; explicitFileType = wrapper.cfbundle; includeInIndex = 0; path = MailboxUITests.xctest; sourceTree = BUILT_PRODUCTS_DIR; };
		3990B27F1C764BFC0011B853 /* MailboxUITests.swift */ = {isa = PBXFileReference; lastKnownFileType = sourcecode.swift; path = MailboxUITests.swift; sourceTree = "<group>"; };
		3990B2811C764BFC0011B853 /* Info.plist */ = {isa = PBXFileReference; lastKnownFileType = text.plist.xml; path = Info.plist; sourceTree = "<group>"; };
/* End PBXFileReference section */

/* Begin PBXFrameworksBuildPhase section */
		3990B2591C764BFB0011B853 /* Frameworks */ = {
			isa = PBXFrameworksBuildPhase;
			buildActionMask = 2147483647;
			files = (
			);
			runOnlyForDeploymentPostprocessing = 0;
		};
		3990B26D1C764BFC0011B853 /* Frameworks */ = {
			isa = PBXFrameworksBuildPhase;
			buildActionMask = 2147483647;
			files = (
			);
			runOnlyForDeploymentPostprocessing = 0;
		};
		3990B2781C764BFC0011B853 /* Frameworks */ = {
			isa = PBXFrameworksBuildPhase;
			buildActionMask = 2147483647;
			files = (
			);
			runOnlyForDeploymentPostprocessing = 0;
		};
/* End PBXFrameworksBuildPhase section */

/* Begin PBXGroup section */
		3990B2531C764BFB0011B853 = {
			isa = PBXGroup;
			children = (
				3990B25E1C764BFB0011B853 /* Mailbox */,
				3990B2731C764BFC0011B853 /* MailboxTests */,
				3990B27E1C764BFC0011B853 /* MailboxUITests */,
				3990B25D1C764BFB0011B853 /* Products */,
			);
			sourceTree = "<group>";
		};
		3990B25D1C764BFB0011B853 /* Products */ = {
			isa = PBXGroup;
			children = (
				3990B25C1C764BFB0011B853 /* Mailbox.app */,
				3990B2701C764BFC0011B853 /* MailboxTests.xctest */,
				3990B27B1C764BFC0011B853 /* MailboxUITests.xctest */,
			);
			name = Products;
			sourceTree = "<group>";
		};
		3990B25E1C764BFB0011B853 /* Mailbox */ = {
			isa = PBXGroup;
			children = (
				3990B25F1C764BFB0011B853 /* AppDelegate.swift */,
				3990B2611C764BFB0011B853 /* ViewController.swift */,
				3990B2631C764BFB0011B853 /* Main.storyboard */,
				3990B2661C764BFB0011B853 /* Assets.xcassets */,
				3990B2681C764BFB0011B853 /* LaunchScreen.storyboard */,
				3990B26B1C764BFB0011B853 /* Info.plist */,
			);
			path = Mailbox;
			sourceTree = "<group>";
		};
		3990B2731C764BFC0011B853 /* MailboxTests */ = {
			isa = PBXGroup;
			children = (
				3990B2741C764BFC0011B853 /* MailboxTests.swift */,
				3990B2761C764BFC0011B853 /* Info.plist */,
			);
			path = MailboxTests;
			sourceTree = "<group>";
		};
		3990B27E1C764BFC0011B853 /* MailboxUITests */ = {
			isa = PBXGroup;
			children = (
				3990B27F1C764BFC0011B853 /* MailboxUITests.swift */,
				3990B2811C764BFC0011B853 /* Info.plist */,
			);
			path = MailboxUITests;
			sourceTree = "<group>";
		};
/* End PBXGroup section */

/* Begin PBXNativeTarget section */
		3990B25B1C764BFB0011B853 /* Mailbox */ = {
			isa = PBXNativeTarget;
			buildConfigurationList = 3990B2841C764BFC0011B853 /* Build configuration list for PBXNativeTarget "Mailbox" */;
			buildPhases = (
				3990B2581C764BFB0011B853 /* Sources */,
				3990B2591C764BFB0011B853 /* Frameworks */,
				3990B25A1C764BFB0011B853 /* Resources */,
			);
			buildRules = (
			);
			dependencies = (
			);
			name = Mailbox;
			productName = Mailbox;
			productReference = 3990B25C1C764BFB0011B853 /* Mailbox.app */;
			productType = "com.apple.product-type.application";
		};
		3990B26F1C764BFC0011B853 /* MailboxTests */ = {
			isa = PBXNativeTarget;
			buildConfigurationList = 3990B2871C764BFC0011B853 /* Build configuration list for PBXNativeTarget "MailboxTests" */;
			buildPhases = (
				3990B26C1C764BFC0011B853 /* Sources */,
				3990B26D1C764BFC0011B853 /* Frameworks */,
				3990B26E1C764BFC0011B853 /* Resources */,
			);
			buildRules = (
			);
			dependencies = (
				3990B2721C764BFC0011B853 /* PBXTargetDependency */,
			);
			name = MailboxTests;
			productName = MailboxTests;
			productReference = 3990B2701C764BFC0011B853 /* MailboxTests.xctest */;
			productType = "com.apple.product-type.bundle.unit-test";
		};
		3990B27A1C764BFC0011B853 /* MailboxUITests */ = {
			isa = PBXNativeTarget;
			buildConfigurationList = 3990B28A1C764BFC0011B853 /* Build configuration list for PBXNativeTarget "MailboxUITests" */;
			buildPhases = (
				3990B2771C764BFC0011B853 /* Sources */,
				3990B2781C764BFC0011B853 /* Frameworks */,
				3990B2791C764BFC0011B853 /* Resources */,
			);
			buildRules = (
			);
			dependencies = (
				3990B27D1C764BFC0011B853 /* PBXTargetDependency */,
			);
			name = MailboxUITests;
			productName = MailboxUITests;
			productReference = 3990B27B1C764BFC0011B853 /* MailboxUITests.xctest */;
			productType = "com.apple.product-type.bundle.ui-testing";
		};
/* End PBXNativeTarget section */

/* Begin PBXProject section */
		3990B2541C764BFB0011B853 /* Project object */ = {
			isa = PBXProject;
			attributes = {
				LastSwiftUpdateCheck = 0720;
				LastUpgradeCheck = 0720;
				ORGANIZATIONNAME = "Hannah Peckham";
				TargetAttributes = {
					3990B25B1C764BFB0011B853 = {
						CreatedOnToolsVersion = 7.2.1;
					};
					3990B26F1C764BFC0011B853 = {
						CreatedOnToolsVersion = 7.2.1;
						TestTargetID = 3990B25B1C764BFB0011B853;
					};
					3990B27A1C764BFC0011B853 = {
						CreatedOnToolsVersion = 7.2.1;
						TestTargetID = 3990B25B1C764BFB0011B853;
					};
				};
			};
			buildConfigurationList = 3990B2571C764BFB0011B853 /* Build configuration list for PBXProject "Mailbox" */;
			compatibilityVersion = "Xcode 3.2";
			developmentRegion = English;
			hasScannedForEncodings = 0;
			knownRegions = (
				en,
				Base,
			);
			mainGroup = 3990B2531C764BFB0011B853;
			productRefGroup = 3990B25D1C764BFB0011B853 /* Products */;
			projectDirPath = "";
			projectRoot = "";
			targets = (
				3990B25B1C764BFB0011B853 /* Mailbox */,
				3990B26F1C764BFC0011B853 /* MailboxTests */,
				3990B27A1C764BFC0011B853 /* MailboxUITests */,
			);
		};
/* End PBXProject section */

/* Begin PBXResourcesBuildPhase section */
		3990B25A1C764BFB0011B853 /* Resources */ = {
			isa = PBXResourcesBuildPhase;
			buildActionMask = 2147483647;
			files = (
				3990B26A1C764BFB0011B853 /* LaunchScreen.storyboard in Resources */,
				3990B2671C764BFB0011B853 /* Assets.xcassets in Resources */,
				3990B2651C764BFB0011B853 /* Main.storyboard in Resources */,
			);
			runOnlyForDeploymentPostprocessing = 0;
		};
		3990B26E1C764BFC0011B853 /* Resources */ = {
			isa = PBXResourcesBuildPhase;
			buildActionMask = 2147483647;
			files = (
			);
			runOnlyForDeploymentPostprocessing = 0;
		};
		3990B2791C764BFC0011B853 /* Resources */ = {
			isa = PBXResourcesBuildPhase;
			buildActionMask = 2147483647;
			files = (
			);
			runOnlyForDeploymentPostprocessing = 0;
		};
/* End PBXResourcesBuildPhase section */

/* Begin PBXSourcesBuildPhase section */
		3990B2581C764BFB0011B853 /* Sources */ = {
			isa = PBXSourcesBuildPhase;
			buildActionMask = 2147483647;
			files = (
				3990B2621C764BFB0011B853 /* ViewController.swift in Sources */,
				3990B2601C764BFB0011B853 /* AppDelegate.swift in Sources */,
			);
			runOnlyForDeploymentPostprocessing = 0;
		};
		3990B26C1C764BFC0011B853 /* Sources */ = {
			isa = PBXSourcesBuildPhase;
			buildActionMask = 2147483647;
			files = (
				3990B2751C764BFC0011B853 /* MailboxTests.swift in Sources */,
			);
			runOnlyForDeploymentPostprocessing = 0;
		};
		3990B2771C764BFC0011B853 /* Sources */ = {
			isa = PBXSourcesBuildPhase;
			buildActionMask = 2147483647;
			files = (
				3990B2801C764BFC0011B853 /* MailboxUITests.swift in Sources */,
			);
			runOnlyForDeploymentPostprocessing = 0;
		};
/* End PBXSourcesBuildPhase section */

/* Begin PBXTargetDependency section */
		3990B2721C764BFC0011B853 /* PBXTargetDependency */ = {
			isa = PBXTargetDependency;
			target = 3990B25B1C764BFB0011B853 /* Mailbox */;
			targetProxy = 3990B2711C764BFC0011B853 /* PBXContainerItemProxy */;
		};
		3990B27D1C764BFC0011B853 /* PBXTargetDependency */ = {
			isa = PBXTargetDependency;
			target = 3990B25B1C764BFB0011B853 /* Mailbox */;
			targetProxy = 3990B27C1C764BFC0011B853 /* PBXContainerItemProxy */;
		};
/* End PBXTargetDependency section */

/* Begin PBXVariantGroup section */
		3990B2631C764BFB0011B853 /* Main.storyboard */ = {
			isa = PBXVariantGroup;
			children = (
				3990B2641C764BFB0011B853 /* Base */,
			);
			name = Main.storyboard;
			sourceTree = "<group>";
		};
		3990B2681C764BFB0011B853 /* LaunchScreen.storyboard */ = {
			isa = PBXVariantGroup;
			children = (
				3990B2691C764BFB0011B853 /* Base */,
			);
			name = LaunchScreen.storyboard;
			sourceTree = "<group>";
		};
/* End PBXVariantGroup section */

/* Begin XCBuildConfiguration section */
		3990B2821C764BFC0011B853 /* Debug */ = {
			isa = XCBuildConfiguration;
			buildSettings = {
				ALWAYS_SEARCH_USER_PATHS = NO;
				CLANG_CXX_LANGUAGE_STANDARD = "gnu++0x";
				CLANG_CXX_LIBRARY = "libc++";
				CLANG_ENABLE_MODULES = YES;
				CLANG_ENABLE_OBJC_ARC = YES;
				CLANG_WARN_BOOL_CONVERSION = YES;
				CLANG_WARN_CONSTANT_CONVERSION = YES;
				CLANG_WARN_DIRECT_OBJC_ISA_USAGE = YES_ERROR;
				CLANG_WARN_EMPTY_BODY = YES;
				CLANG_WARN_ENUM_CONVERSION = YES;
				CLANG_WARN_INT_CONVERSION = YES;
				CLANG_WARN_OBJC_ROOT_CLASS = YES_ERROR;
				CLANG_WARN_UNREACHABLE_CODE = YES;
				CLANG_WARN__DUPLICATE_METHOD_MATCH = YES;
				"CODE_SIGN_IDENTITY[sdk=iphoneos*]" = "iPhone Developer";
				COPY_PHASE_STRIP = NO;
				DEBUG_INFORMATION_FORMAT = dwarf;
				ENABLE_STRICT_OBJC_MSGSEND = YES;
				ENABLE_TESTABILITY = YES;
				GCC_C_LANGUAGE_STANDARD = gnu99;
				GCC_DYNAMIC_NO_PIC = NO;
				GCC_NO_COMMON_BLOCKS = YES;
				GCC_OPTIMIZATION_LEVEL = 0;
				GCC_PREPROCESSOR_DEFINITIONS = (
					"DEBUG=1",
					"$(inherited)",
				);
				GCC_WARN_64_TO_32_BIT_CONVERSION = YES;
				GCC_WARN_ABOUT_RETURN_TYPE = YES_ERROR;
				GCC_WARN_UNDECLARED_SELECTOR = YES;
				GCC_WARN_UNINITIALIZED_AUTOS = YES_AGGRESSIVE;
				GCC_WARN_UNUSED_FUNCTION = YES;
				GCC_WARN_UNUSED_VARIABLE = YES;
				IPHONEOS_DEPLOYMENT_TARGET = 9.2;
				MTL_ENABLE_DEBUG_INFO = YES;
				ONLY_ACTIVE_ARCH = YES;
				SDKROOT = iphoneos;
				SWIFT_OPTIMIZATION_LEVEL = "-Onone";
			};
			name = Debug;
		};
		3990B2831C764BFC0011B853 /* Release */ = {
			isa = XCBuildConfiguration;
			buildSettings = {
				ALWAYS_SEARCH_USER_PATHS = NO;
				CLANG_CXX_LANGUAGE_STANDARD = "gnu++0x";
				CLANG_CXX_LIBRARY = "libc++";
				CLANG_ENABLE_MODULES = YES;
				CLANG_ENABLE_OBJC_ARC = YES;
				CLANG_WARN_BOOL_CONVERSION = YES;
				CLANG_WARN_CONSTANT_CONVERSION = YES;
				CLANG_WARN_DIRECT_OBJC_ISA_USAGE = YES_ERROR;
				CLANG_WARN_EMPTY_BODY = YES;
				CLANG_WARN_ENUM_CONVERSION = YES;
				CLANG_WARN_INT_CONVERSION = YES;
				CLANG_WARN_OBJC_ROOT_CLASS = YES_ERROR;
				CLANG_WARN_UNREACHABLE_CODE = YES;
				CLANG_WARN__DUPLICATE_METHOD_MATCH = YES;
				"CODE_SIGN_IDENTITY[sdk=iphoneos*]" = "iPhone Developer";
				COPY_PHASE_STRIP = NO;
				DEBUG_INFORMATION_FORMAT = "dwarf-with-dsym";
				ENABLE_NS_ASSERTIONS = NO;
				ENABLE_STRICT_OBJC_MSGSEND = YES;
				GCC_C_LANGUAGE_STANDARD = gnu99;
				GCC_NO_COMMON_BLOCKS = YES;
				GCC_WARN_64_TO_32_BIT_CONVERSION = YES;
				GCC_WARN_ABOUT_RETURN_TYPE = YES_ERROR;
				GCC_WARN_UNDECLARED_SELECTOR = YES;
				GCC_WARN_UNINITIALIZED_AUTOS = YES_AGGRESSIVE;
				GCC_WARN_UNUSED_FUNCTION = YES;
				GCC_WARN_UNUSED_VARIABLE = YES;
				IPHONEOS_DEPLOYMENT_TARGET = 9.2;
				MTL_ENABLE_DEBUG_INFO = NO;
				SDKROOT = iphoneos;
				VALIDATE_PRODUCT = YES;
			};
			name = Release;
		};
		3990B2851C764BFC0011B853 /* Debug */ = {
			isa = XCBuildConfiguration;
			buildSettings = {
				ASSETCATALOG_COMPILER_APPICON_NAME = AppIcon;
				INFOPLIST_FILE = Mailbox/Info.plist;
				LD_RUNPATH_SEARCH_PATHS = "$(inherited) @executable_path/Frameworks";
				PRODUCT_BUNDLE_IDENTIFIER = test.Mailbox;
				PRODUCT_NAME = "$(TARGET_NAME)";
			};
			name = Debug;
		};
		3990B2861C764BFC0011B853 /* Release */ = {
			isa = XCBuildConfiguration;
			buildSettings = {
				ASSETCATALOG_COMPILER_APPICON_NAME = AppIcon;
				INFOPLIST_FILE = Mailbox/Info.plist;
				LD_RUNPATH_SEARCH_PATHS = "$(inherited) @executable_path/Frameworks";
				PRODUCT_BUNDLE_IDENTIFIER = test.Mailbox;
				PRODUCT_NAME = "$(TARGET_NAME)";
			};
			name = Release;
		};
		3990B2881C764BFC0011B853 /* Debug */ = {
			isa = XCBuildConfiguration;
			buildSettings = {
				BUNDLE_LOADER = "$(TEST_HOST)";
				INFOPLIST_FILE = MailboxTests/Info.plist;
				LD_RUNPATH_SEARCH_PATHS = "$(inherited) @executable_path/Frameworks @loader_path/Frameworks";
				PRODUCT_BUNDLE_IDENTIFIER = test.MailboxTests;
				PRODUCT_NAME = "$(TARGET_NAME)";
				TEST_HOST = "$(BUILT_PRODUCTS_DIR)/Mailbox.app/Mailbox";
			};
			name = Debug;
		};
		3990B2891C764BFC0011B853 /* Release */ = {
			isa = XCBuildConfiguration;
			buildSettings = {
				BUNDLE_LOADER = "$(TEST_HOST)";
				INFOPLIST_FILE = MailboxTests/Info.plist;
				LD_RUNPATH_SEARCH_PATHS = "$(inherited) @executable_path/Frameworks @loader_path/Frameworks";
				PRODUCT_BUNDLE_IDENTIFIER = test.MailboxTests;
				PRODUCT_NAME = "$(TARGET_NAME)";
				TEST_HOST = "$(BUILT_PRODUCTS_DIR)/Mailbox.app/Mailbox";
			};
			name = Release;
		};
		3990B28B1C764BFC0011B853 /* Debug */ = {
			isa = XCBuildConfiguration;
			buildSettings = {
				INFOPLIST_FILE = MailboxUITests/Info.plist;
				LD_RUNPATH_SEARCH_PATHS = "$(inherited) @executable_path/Frameworks @loader_path/Frameworks";
				PRODUCT_BUNDLE_IDENTIFIER = test.MailboxUITests;
				PRODUCT_NAME = "$(TARGET_NAME)";
				TEST_TARGET_NAME = Mailbox;
				USES_XCTRUNNER = YES;
			};
			name = Debug;
		};
		3990B28C1C764BFC0011B853 /* Release */ = {
			isa = XCBuildConfiguration;
			buildSettings = {
				INFOPLIST_FILE = MailboxUITests/Info.plist;
				LD_RUNPATH_SEARCH_PATHS = "$(inherited) @executable_path/Frameworks @loader_path/Frameworks";
				PRODUCT_BUNDLE_IDENTIFIER = test.MailboxUITests;
				PRODUCT_NAME = "$(TARGET_NAME)";
				TEST_TARGET_NAME = Mailbox;
				USES_XCTRUNNER = YES;
			};
			name = Release;
		};
/* End XCBuildConfiguration section */

/* Begin XCConfigurationList section */
		3990B2571C764BFB0011B853 /* Build configuration list for PBXProject "Mailbox" */ = {
			isa = XCConfigurationList;
			buildConfigurations = (
				3990B2821C764BFC0011B853 /* Debug */,
				3990B2831C764BFC0011B853 /* Release */,
			);
			defaultConfigurationIsVisible = 0;
			defaultConfigurationName = Release;
		};
		3990B2841C764BFC0011B853 /* Build configuration list for PBXNativeTarget "Mailbox" */ = {
			isa = XCConfigurationList;
			buildConfigurations = (
				3990B2851C764BFC0011B853 /* Debug */,
				3990B2861C764BFC0011B853 /* Release */,
			);
			defaultConfigurationIsVisible = 0;
		};
		3990B2871C764BFC0011B853 /* Build configuration list for PBXNativeTarget "MailboxTests" */ = {
			isa = XCConfigurationList;
			buildConfigurations = (
				3990B2881C764BFC0011B853 /* Debug */,
				3990B2891C764BFC0011B853 /* Release */,
			);
			defaultConfigurationIsVisible = 0;
		};
		3990B28A1C764BFC0011B853 /* Build configuration list for PBXNativeTarget "MailboxUITests" */ = {
			isa = XCConfigurationList;
			buildConfigurations = (
				3990B28B1C764BFC0011B853 /* Debug */,
				3990B28C1C764BFC0011B853 /* Release */,
			);
			defaultConfigurationIsVisible = 0;
		};
/* End XCConfigurationList section */
	};
	rootObject = 3990B2541C764BFB0011B853 /* Project object */;
}
